{
  "name": "litscript",
  "version": "2.4.0",
  "lockfileVersion": 3,
  "requires": true,
  "packages": {
    "": {
      "name": "litscript",
      "version": "2.4.0",
      "license": "MPL-2.0",
      "dependencies": {
        "@vscode/markdown-it-katex": "^1.1.2",
        "esbuild": "^0.27.5",
        "highlight.js": "^11.11.1",
        "markdown-it": "^14.1.1",
        "minimatch": "^10.2.5",
        "typescript": "^6.0.2"
      },
      "bin": {
        "lits": "lib/src/cli.js"
      },
      "devDependencies": {
        "@types/markdown-it": "^14.1.2",
        "@types/node": "^25.5.0",
        "lits-extras": "^3.0.0",
        "taitto": "^1.2.0"
      }
    },
    "../lits-extras": {
      "version": "3.0.0",
      "extraneous": true,
      "license": "MPL-2.0",
      "dependencies": {
        "taitto": "^1.2.0"
      },
      "devDependencies": {
        "@types/node": "^25.5.2"
      }
    },
    "node_modules/@esbuild/aix-ppc64": {
      "version": "0.27.5",
      "resolved": "https://registry.npmjs.org/@esbuild/aix-ppc64/-/aix-ppc64-0.27.5.tgz",
      "integrity": "sha512-nGsF/4C7uzUj+Nj/4J+Zt0bYQ6bz33Phz8Lb2N80Mti1HjGclTJdXZ+9APC4kLvONbjxN1zfvYNd8FEcbBK/MQ==",
      "cpu": [
        "ppc64"
      ],
      "license": "MIT",
      "optional": true,
      "os": [
        "aix"
      ],
      "engines": {
        "node": ">=18"
      }
    },
    "node_modules/@esbuild/android-arm": {
      "version": "0.27.5",
      "resolved": "https://registry.npmjs.org/@esbuild/android-arm/-/android-arm-0.27.5.tgz",
      "integrity": "sha512-Cv781jd0Rfj/paoNrul1/r4G0HLvuFKYh7C9uHZ2Pl8YXstzvCyyeWENTFR9qFnRzNMCjXmsulZuvosDg10Mog==",
      "cpu": [
        "arm"
      ],
      "license": "MIT",
      "optional": true,
      "os": [
        "android"
      ],
      "engines": {
        "node": ">=18"
      }
    },
    "node_modules/@esbuild/android-arm64": {
      "version": "0.27.5",
      "resolved": "https://registry.npmjs.org/@esbuild/android-arm64/-/android-arm64-0.27.5.tgz",
      "integrity": "sha512-Oeghq+XFgh1pUGd1YKs4DDoxzxkoUkvko+T/IVKwlghKLvvjbGFB3ek8VEDBmNvqhwuL0CQS3cExdzpmUyIrgA==",
      "cpu": [
        "arm64"
      ],
      "license": "MIT",
      "optional": true,
      "os": [
        "android"
      ],
      "engines": {
        "node": ">=18"
      }
    },
    "node_modules/@esbuild/android-x64": {
      "version": "0.27.5",
      "resolved": "https://registry.npmjs.org/@esbuild/android-x64/-/android-x64-0.27.5.tgz",
      "integrity": "sha512-nQD7lspbzerlmtNOxYMFAGmhxgzn8Z7m9jgFkh6kpkjsAhZee1w8tJW3ZlW+N9iRePz0oPUDrYrXidCPSImD0Q==",
      "cpu": [
        "x64"
      ],
      "license": "MIT",
      "optional": true,
      "os": [
        "android"
      ],
      "engines": {
        "node": ">=18"
      }
    },
    "node_modules/@esbuild/darwin-arm64": {
      "version": "0.27.5",
      "resolved": "https://registry.npmjs.org/@esbuild/darwin-arm64/-/darwin-arm64-0.27.5.tgz",
      "integrity": "sha512-I+Ya/MgC6rr8oRWGRDF3BXDfP8K1BVUggHqN6VI2lUZLdDi1IM1v2cy0e3lCPbP+pVcK3Tv8cgUhHse1kaNZZw==",
      "cpu": [
        "arm64"
      ],
      "license": "MIT",
      "optional": true,
      "os": [
        "darwin"
      ],
      "engines": {
        "node": ">=18"
      }
    },
    "node_modules/@esbuild/darwin-x64": {
      "version": "0.27.5",
      "resolved": "https://registry.npmjs.org/@esbuild/darwin-x64/-/darwin-x64-0.27.5.tgz",
      "integrity": "sha512-MCjQUtC8wWJn/pIPM7vQaO69BFgwPD1jriEdqwTCKzWjGgkMbcg+M5HzrOhPhuYe1AJjXlHmD142KQf+jnYj8A==",
      "cpu": [
        "x64"
      ],
      "license": "MIT",
      "optional": true,
      "os": [
        "darwin"
      ],
      "engines": {
        "node": ">=18"
      }
    },
    "node_modules/@esbuild/freebsd-arm64": {
      "version": "0.27.5",
      "resolved": "https://registry.npmjs.org/@esbuild/freebsd-arm64/-/freebsd-arm64-0.27.5.tgz",
      "integrity": "sha512-X6xVS+goSH0UelYXnuf4GHLwpOdc8rgK/zai+dKzBMnncw7BTQIwquOodE7EKvY2UVUetSqyAfyZC1D+oqLQtg==",
      "cpu": [
        "arm64"
      ],
      "license": "MIT",
      "optional": true,
      "os": [
        "freebsd"
      ],
      "engines": {
        "node": ">=18"
      }
    },
    "node_modules/@esbuild/freebsd-x64": {
      "version": "0.27.5",
      "resolved": "https://registry.npmjs.org/@esbuild/freebsd-x64/-/freebsd-x64-0.27.5.tgz",
      "integrity": "sha512-233X1FGo3a8x1ekLB6XT69LfZ83vqz+9z3TSEQCTYfMNY880A97nr81KbPcAMl9rmOFp11wO0dP+eB18KU/Ucg==",
      "cpu": [
        "x64"
      ],
      "license": "MIT",
      "optional": true,
      "os": [
        "freebsd"
      ],
      "engines": {
        "node": ">=18"
      }
    },
    "node_modules/@esbuild/linux-arm": {
      "version": "0.27.5",
      "resolved": "https://registry.npmjs.org/@esbuild/linux-arm/-/linux-arm-0.27.5.tgz",
      "integrity": "sha512-0wkVrYHG4sdCCN/bcwQ7yYMXACkaHc3UFeaEOwSVW6e5RycMageYAFv+JS2bKLwHyeKVUvtoVH+5/RHq0fgeFw==",
      "cpu": [
        "arm"
      ],
      "license": "MIT",
      "optional": true,
      "os": [
        "linux"
      ],
      "engines": {
        "node": ">=18"
      }
    },
    "node_modules/@esbuild/linux-arm64": {
      "version": "0.27.5",
      "resolved": "https://registry.npmjs.org/@esbuild/linux-arm64/-/linux-arm64-0.27.5.tgz",
      "integrity": "sha512-euKkilsNOv7x/M1NKsx5znyprbpsRFIzTV6lWziqJch7yWYayfLtZzDxDTl+LSQDJYAjd9TVb/Kt5UKIrj2e4A==",
      "cpu": [
        "arm64"
      ],
      "license": "MIT",
      "optional": true,
      "os": [
        "linux"
      ],
      "engines": {
        "node": ">=18"
      }
    },
    "node_modules/@esbuild/linux-ia32": {
      "version": "0.27.5",
      "resolved": "https://registry.npmjs.org/@esbuild/linux-ia32/-/linux-ia32-0.27.5.tgz",
      "integrity": "sha512-hVRQX4+P3MS36NxOy24v/Cdsimy/5HYePw+tmPqnNN1fxV0bPrFWR6TMqwXPwoTM2VzbkA+4lbHWUKDd5ZDA/w==",
      "cpu": [
        "ia32"
      ],
      "license": "MIT",
      "optional": true,
      "os": [
        "linux"
      ],
      "engines": {
        "node": ">=18"
      }
    },
    "node_modules/@esbuild/linux-loong64": {
      "version": "0.27.5",
      "resolved": "https://registry.npmjs.org/@esbuild/linux-loong64/-/linux-loong64-0.27.5.tgz",
      "integrity": "sha512-mKqqRuOPALI8nDzhOBmIS0INvZOOFGGg5n1osGIXAx8oersceEbKd4t1ACNTHM3sJBXGFAlEgqM+svzjPot+ZQ==",
      "cpu": [
        "loong64"
      ],
      "license": "MIT",
      "optional": true,
      "os": [
        "linux"
      ],
      "engines": {
        "node": ">=18"
      }
    },
    "node_modules/@esbuild/linux-mips64el": {
      "version": "0.27.5",
      "resolved": "https://registry.npmjs.org/@esbuild/linux-mips64el/-/linux-mips64el-0.27.5.tgz",
      "integrity": "sha512-EE/QXH9IyaAj1qeuIV5+/GZkBTipgGO782Ff7Um3vPS9cvLhJJeATy4Ggxikz2inZ46KByamMn6GqtqyVjhenA==",
      "cpu": [
        "mips64el"
      ],
      "license": "MIT",
      "optional": true,
      "os": [
        "linux"
      ],
      "engines": {
        "node": ">=18"
      }
    },
    "node_modules/@esbuild/linux-ppc64": {
      "version": "0.27.5",
      "resolved": "https://registry.npmjs.org/@esbuild/linux-ppc64/-/linux-ppc64-0.27.5.tgz",
      "integrity": "sha512-0V2iF1RGxBf1b7/BjurA5jfkl7PtySjom1r6xOK2q9KWw/XCpAdtB6KNMO+9xx69yYfSCRR9FE0TyKfHA2eQMw==",
      "cpu": [
        "ppc64"
      ],
      "license": "MIT",
      "optional": true,
      "os": [
        "linux"
      ],
      "engines": {
        "node": ">=18"
      }
    },
    "node_modules/@esbuild/linux-riscv64": {
      "version": "0.27.5",
      "resolved": "https://registry.npmjs.org/@esbuild/linux-riscv64/-/linux-riscv64-0.27.5.tgz",
      "integrity": "sha512-rYxThBx6G9HN6tFNuvB/vykeLi4VDsm5hE5pVwzqbAjZEARQrWu3noZSfbEnPZ/CRXP3271GyFk/49up2W190g==",
      "cpu": [
        "riscv64"
      ],
      "license": "MIT",
      "optional": true,
      "os": [
        "linux"
      ],
      "engines": {
        "node": ">=18"
      }
    },
    "node_modules/@esbuild/linux-s390x": {
      "version": "0.27.5",
      "resolved": "https://registry.npmjs.org/@esbuild/linux-s390x/-/linux-s390x-0.27.5.tgz",
      "integrity": "sha512-uEP2q/4qgd8goEUc4QIdU/1P2NmEtZ/zX5u3OpLlCGhJIuBIv0s0wr7TB2nBrd3/A5XIdEkkS5ZLF0ULuvaaYQ==",
      "cpu": [
        "s390x"
      ],
      "license": "MIT",
      "optional": true,
      "os": [
        "linux"
      ],
      "engines": {
        "node": ">=18"
      }
    },
    "node_modules/@esbuild/linux-x64": {
      "version": "0.27.5",
      "resolved": "https://registry.npmjs.org/@esbuild/linux-x64/-/linux-x64-0.27.5.tgz",
      "integrity": "sha512-+Gq47Wqq6PLOOZuBzVSII2//9yyHNKZLuwfzCemqexqOQCSz0zy0O26kIzyp9EMNMK+nZ0tFHBZrCeVUuMs/ew==",
      "cpu": [
        "x64"
      ],
      "license": "MIT",
      "optional": true,
      "os": [
        "linux"
      ],
      "engines": {
        "node": ">=18"
      }
    },
    "node_modules/@esbuild/netbsd-arm64": {
      "version": "0.27.5",
      "resolved": "https://registry.npmjs.org/@esbuild/netbsd-arm64/-/netbsd-arm64-0.27.5.tgz",
      "integrity": "sha512-3F/5EG8VHfN/I+W5cO1/SV2H9Q/5r7vcHabMnBqhHK2lTWOh3F8vixNzo8lqxrlmBtZVFpW8pmITHnq54+Tq4g==",
      "cpu": [
        "arm64"
      ],
      "license": "MIT",
      "optional": true,
      "os": [
        "netbsd"
      ],
      "engines": {
        "node": ">=18"
      }
    },
    "node_modules/@esbuild/netbsd-x64": {
      "version": "0.27.5",
      "resolved": "https://registry.npmjs.org/@esbuild/netbsd-x64/-/netbsd-x64-0.27.5.tgz",
      "integrity": "sha512-28t+Sj3CPN8vkMOlZotOmDgilQwVvxWZl7b8rxpn73Tt/gCnvrHxQUMng4uu3itdFvrtba/1nHejvxqz8xgEMA==",
      "cpu": [
        "x64"
      ],
      "license": "MIT",
      "optional": true,
      "os": [
        "netbsd"
      ],
      "engines": {
        "node": ">=18"
      }
    },
    "node_modules/@esbuild/openbsd-arm64": {
      "version": "0.27.5",
      "resolved": "https://registry.npmjs.org/@esbuild/openbsd-arm64/-/openbsd-arm64-0.27.5.tgz",
      "integrity": "sha512-Doz/hKtiuVAi9hMsBMpwBANhIZc8l238U2Onko3t2xUp8xtM0ZKdDYHMnm/qPFVthY8KtxkXaocwmMh6VolzMA==",
      "cpu": [
        "arm64"
      ],
      "license": "MIT",
      "optional": true,
      "os": [
        "openbsd"
      ],
      "engines": {
        "node": ">=18"
      }
    },
    "node_modules/@esbuild/openbsd-x64": {
      "version": "0.27.5",
      "resolved": "https://registry.npmjs.org/@esbuild/openbsd-x64/-/openbsd-x64-0.27.5.tgz",
      "integrity": "sha512-WfGVaa1oz5A7+ZFPkERIbIhKT4olvGl1tyzTRaB5yoZRLqC0KwaO95FeZtOdQj/oKkjW57KcVF944m62/0GYtA==",
      "cpu": [
        "x64"
      ],
      "license": "MIT",
      "optional": true,
      "os": [
        "openbsd"
      ],
      "engines": {
        "node": ">=18"
      }
    },
    "node_modules/@esbuild/openharmony-arm64": {
      "version": "0.27.5",
      "resolved": "https://registry.npmjs.org/@esbuild/openharmony-arm64/-/openharmony-arm64-0.27.5.tgz",
      "integrity": "sha512-Xh+VRuh6OMh3uJ0JkCjI57l+DVe7VRGBYymen8rFPnTVgATBwA6nmToxM2OwTlSvrnWpPKkrQUj93+K9huYC6A==",
      "cpu": [
        "arm64"
      ],
      "license": "MIT",
      "optional": true,
      "os": [
        "openharmony"
      ],
      "engines": {
        "node": ">=18"
      }
    },
    "node_modules/@esbuild/sunos-x64": {
      "version": "0.27.5",
      "resolved": "https://registry.npmjs.org/@esbuild/sunos-x64/-/sunos-x64-0.27.5.tgz",
      "integrity": "sha512-aC1gpJkkaUADHuAdQfuVTnqVUTLqqUNhAvEwHwVWcnVVZvNlDPGA0UveZsfXJJ9T6k9Po4eHi3c02gbdwO3g6w==",
      "cpu": [
        "x64"
      ],
      "license": "MIT",
      "optional": true,
      "os": [
        "sunos"
      ],
      "engines": {
        "node": ">=18"
      }
    },
    "node_modules/@esbuild/win32-arm64": {
      "version": "0.27.5",
      "resolved": "https://registry.npmjs.org/@esbuild/win32-arm64/-/win32-arm64-0.27.5.tgz",
      "integrity": "sha512-0UNx2aavV0fk6UpZcwXFLztA2r/k9jTUa7OW7SAea1VYUhkug99MW1uZeXEnPn5+cHOd0n8myQay6TlFnBR07w==",
      "cpu": [
        "arm64"
      ],
      "license": "MIT",
      "optional": true,
      "os": [
        "win32"
      ],
      "engines": {
        "node": ">=18"
      }
    },
    "node_modules/@esbuild/win32-ia32": {
      "version": "0.27.5",
      "resolved": "https://registry.npmjs.org/@esbuild/win32-ia32/-/win32-ia32-0.27.5.tgz",
      "integrity": "sha512-5nlJ3AeJWCTSzR7AEqVjT/faWyqKU86kCi1lLmxVqmNR+j4HrYdns+eTGjS/vmrzCIe8inGQckUadvS0+JkKdQ==",
      "cpu": [
        "ia32"
      ],
      "license": "MIT",
      "optional": true,
      "os": [
        "win32"
      ],
      "engines": {
        "node": ">=18"
      }
    },
    "node_modules/@esbuild/win32-x64": {
      "version": "0.27.5",
      "resolved": "https://registry.npmjs.org/@esbuild/win32-x64/-/win32-x64-0.27.5.tgz",
      "integrity": "sha512-PWypQR+d4FLfkhBIV+/kHsUELAnMpx1bRvvsn3p+/sAERbnCzFrtDRG2Xw5n+2zPxBK2+iaP+vetsRl4Ti7WgA==",
      "cpu": [
        "x64"
      ],
      "license": "MIT",
      "optional": true,
      "os": [
        "win32"
      ],
      "engines": {
        "node": ">=18"
      }
    },
    "node_modules/@types/linkify-it": {
      "version": "5.0.0",
      "resolved": "https://registry.npmjs.org/@types/linkify-it/-/linkify-it-5.0.0.tgz",
      "integrity": "sha512-sVDA58zAw4eWAffKOaQH5/5j3XeayukzDk+ewSsnv3p4yJEZHCCzMDiZM8e0OUrRvmpGZ85jf4yDHkHsgBNr9Q==",
      "dev": true,
      "license": "MIT"
    },
    "node_modules/@types/markdown-it": {
      "version": "14.1.2",
      "resolved": "https://registry.npmjs.org/@types/markdown-it/-/markdown-it-14.1.2.tgz",
      "integrity": "sha512-promo4eFwuiW+TfGxhi+0x3czqTYJkG8qB17ZUJiVF10Xm7NLVRSLUsfRTU/6h1e24VvRnXCx+hG7li58lkzog==",
      "dev": true,
      "license": "MIT",
      "dependencies": {
        "@types/linkify-it": "^5",
        "@types/mdurl": "^2"
      }
    },
    "node_modules/@types/mdurl": {
      "version": "2.0.0",
      "resolved": "https://registry.npmjs.org/@types/mdurl/-/mdurl-2.0.0.tgz",
      "integrity": "sha512-RGdgjQUZba5p6QEFAVx2OGb8rQDL/cPRG7GiedRzMcJ1tYnUANBncjbSB1NRGwbvjcPeikRABz2nshyPk1bhWg==",
      "dev": true,
      "license": "MIT"
    },
    "node_modules/@types/node": {
      "version": "25.5.0",
      "resolved": "https://registry.npmjs.org/@types/node/-/node-25.5.0.tgz",
      "integrity": "sha512-jp2P3tQMSxWugkCUKLRPVUpGaL5MVFwF8RDuSRztfwgN1wmqJeMSbKlnEtQqU8UrhTmzEmZdu2I6v2dpp7XIxw==",
      "dev": true,
      "license": "MIT",
      "dependencies": {
        "undici-types": "~7.18.0"
      }
    },
    "node_modules/@vscode/markdown-it-katex": {
      "version": "1.1.2",
      "resolved": "https://registry.npmjs.org/@vscode/markdown-it-katex/-/markdown-it-katex-1.1.2.tgz",
      "integrity": "sha512-+4IIv5PgrmhKvW/3LpkpkGg257OViEhXkOOgCyj5KMsjsOfnRXkni8XAuuF9Ui5p3B8WnUovlDXAQNb8RJ/RaQ==",
      "license": "MIT",
      "dependencies": {
        "katex": "^0.16.4"
      }
    },
    "node_modules/argparse": {
      "version": "2.0.1",
      "resolved": "https://registry.npmjs.org/argparse/-/argparse-2.0.1.tgz",
      "integrity": "sha512-8+9WqebbFzpX9OR+Wa6O29asIogeRMzcGtAINdpMHHyAg10f05aSFVBbcEqGf/PXw1EjAZ+q2/bEBg3DvurK3Q==",
      "license": "Python-2.0"
    },
    "node_modules/balanced-match": {
      "version": "4.0.4",
      "resolved": "https://registry.npmjs.org/balanced-match/-/balanced-match-4.0.4.tgz",
      "integrity": "sha512-BLrgEcRTwX2o6gGxGOCNyMvGSp35YofuYzw9h1IMTRmKqttAZZVU67bdb9Pr2vUHA8+j3i2tJfjO6C6+4myGTA==",
      "license": "MIT",
      "engines": {
        "node": "18 || 20 || >=22"
      }
    },
    "node_modules/brace-expansion": {
      "version": "5.0.5",
      "resolved": "https://registry.npmjs.org/brace-expansion/-/brace-expansion-5.0.5.tgz",
      "integrity": "sha512-VZznLgtwhn+Mact9tfiwx64fA9erHH/MCXEUfB/0bX/6Fz6ny5EGTXYltMocqg4xFAQZtnO3DHWWXi8RiuN7cQ==",
      "license": "MIT",
      "dependencies": {
        "balanced-match": "^4.0.2"
      },
      "engines": {
        "node": "18 || 20 || >=22"
      }
    },
    "node_modules/commander": {
      "version": "8.3.0",
      "resolved": "https://registry.npmjs.org/commander/-/commander-8.3.0.tgz",
      "integrity": "sha512-OkTL9umf+He2DZkUq8f8J9of7yL6RJKI24dVITBmNfZBmri9zYZQrKkuXiKhyfPSu8tUhnVBB1iKXevvnlR4Ww==",
      "license": "MIT",
      "engines": {
        "node": ">= 12"
      }
    },
    "node_modules/dagre": {
      "version": "0.8.5",
      "resolved": "https://registry.npmjs.org/dagre/-/dagre-0.8.5.tgz",
      "integrity": "sha512-/aTqmnRta7x7MCCpExk7HQL2O4owCT2h8NT//9I1OQ9vt29Pa0BzSAkR5lwFUcQ7491yVi/3CXU9jQ5o0Mn2Sw==",
      "dev": true,
      "license": "MIT",
      "dependencies": {
        "graphlib": "^2.1.8",
        "lodash": "^4.17.15"
      }
    },
    "node_modules/entities": {
      "version": "4.5.0",
      "resolved": "https://registry.npmjs.org/entities/-/entities-4.5.0.tgz",
      "integrity": "sha512-V0hjH4dGPh9Ao5p0MoRY6BVqtwCjhz6vI5LT8AJ55H+4g9/4vbHx1I54fS0XuclLhDHArPQCiMjDxjaL8fPxhw==",
      "license": "BSD-2-Clause",
      "engines": {
        "node": ">=0.12"
      },
      "funding": {
        "url": "https://github.com/fb55/entities?sponsor=1"
      }
    },
    "node_modules/esbuild": {
      "version": "0.27.5",
      "resolved": "https://registry.npmjs.org/esbuild/-/esbuild-0.27.5.tgz",
      "integrity": "sha512-zdQoHBjuDqKsvV5OPaWansOwfSQ0Js+Uj9J85TBvj3bFW1JjWTSULMRwdQAc8qMeIScbClxeMK0jlrtB9linhA==",
      "hasInstallScript": true,
      "license": "MIT",
      "bin": {
        "esbuild": "bin/esbuild"
      },
      "engines": {
        "node": ">=18"
      },
      "optionalDependencies": {
        "@esbuild/aix-ppc64": "0.27.5",
        "@esbuild/android-arm": "0.27.5",
        "@esbuild/android-arm64": "0.27.5",
        "@esbuild/android-x64": "0.27.5",
        "@esbuild/darwin-arm64": "0.27.5",
        "@esbuild/darwin-x64": "0.27.5",
        "@esbuild/freebsd-arm64": "0.27.5",
        "@esbuild/freebsd-x64": "0.27.5",
        "@esbuild/linux-arm": "0.27.5",
        "@esbuild/linux-arm64": "0.27.5",
        "@esbuild/linux-ia32": "0.27.5",
        "@esbuild/linux-loong64": "0.27.5",
        "@esbuild/linux-mips64el": "0.27.5",
        "@esbuild/linux-ppc64": "0.27.5",
        "@esbuild/linux-riscv64": "0.27.5",
        "@esbuild/linux-s390x": "0.27.5",
        "@esbuild/linux-x64": "0.27.5",
        "@esbuild/netbsd-arm64": "0.27.5",
        "@esbuild/netbsd-x64": "0.27.5",
        "@esbuild/openbsd-arm64": "0.27.5",
        "@esbuild/openbsd-x64": "0.27.5",
        "@esbuild/openharmony-arm64": "0.27.5",
        "@esbuild/sunos-x64": "0.27.5",
        "@esbuild/win32-arm64": "0.27.5",
        "@esbuild/win32-ia32": "0.27.5",
        "@esbuild/win32-x64": "0.27.5"
      }
    },
    "node_modules/graphlib": {
      "version": "2.1.8",
      "resolved": "https://registry.npmjs.org/graphlib/-/graphlib-2.1.8.tgz",
      "integrity": "sha512-jcLLfkpoVGmH7/InMC/1hIvOPSUh38oJtGhvrOFGzioE1DZ+0YW16RgmOJhHiuWTvGiJQ9Z1Ik43JvkRPRvE+A==",
      "dev": true,
      "license": "MIT",
      "dependencies": {
        "lodash": "^4.17.15"
      }
    },
    "node_modules/highlight.js": {
      "version": "11.11.1",
      "resolved": "https://registry.npmjs.org/highlight.js/-/highlight.js-11.11.1.tgz",
      "integrity": "sha512-Xwwo44whKBVCYoliBQwaPvtd/2tYFkRQtXDWj1nackaV2JPXx3L0+Jvd8/qCJ2p+ML0/XVkJ2q+Mr+UVdpJK5w==",
      "license": "BSD-3-Clause",
      "engines": {
        "node": ">=12.0.0"
      }
    },
    "node_modules/katex": {
      "version": "0.16.44",
      "resolved": "https://registry.npmjs.org/katex/-/katex-0.16.44.tgz",
      "integrity": "sha512-EkxoDTk8ufHqHlf9QxGwcxeLkWRR3iOuYfRpfORgYfqc8s13bgb+YtRY59NK5ZpRaCwq1kqA6a5lpX8C/eLphQ==",
      "funding": [
        "https://opencollective.com/katex",
        "https://github.com/sponsors/katex"
      ],
      "license": "MIT",
      "dependencies": {
        "commander": "^8.3.0"
      },
      "bin": {
        "katex": "cli.js"
      }
    },
    "node_modules/linkify-it": {
      "version": "5.0.0",
      "resolved": "https://registry.npmjs.org/linkify-it/-/linkify-it-5.0.0.tgz",
      "integrity": "sha512-5aHCbzQRADcdP+ATqnDuhhJ/MRIqDkZX5pyjFHRRysS8vZ5AbqGEoFIb6pYHPZ+L/OC2Lc+xT8uHVVR5CAK/wQ==",
      "license": "MIT",
      "dependencies": {
        "uc.micro": "^2.0.0"
      }
    },
    "node_modules/lits-extras": {
      "version": "3.0.0",
      "resolved": "https://registry.npmjs.org/lits-extras/-/lits-extras-3.0.0.tgz",
      "integrity": "sha512-7VnmrOGWDhZTdgIQqJQgQCaNkQBz12nkx9HunAwd+vBePSzS+KPIyewWSJbBRWIkorcaJ0oKTsET8JMjXSN0UA==",
      "dev": true,
      "license": "MPL-2.0",
      "dependencies": {
        "taitto": "^1.2.0"
      }
    },
    "node_modules/lodash": {
      "version": "4.18.1",
      "resolved": "https://registry.npmjs.org/lodash/-/lodash-4.18.1.tgz",
      "integrity": "sha512-dMInicTPVE8d1e5otfwmmjlxkZoUpiVLwyeTdUsi/Caj/gfzzblBcCE5sRHV/AsjuCmxWrte2TNGSYuCeCq+0Q==",
      "dev": true,
      "license": "MIT"
    },
    "node_modules/markdown-it": {
      "version": "14.1.1",
      "resolved": "https://registry.npmjs.org/markdown-it/-/markdown-it-14.1.1.tgz",
      "integrity": "sha512-BuU2qnTti9YKgK5N+IeMubp14ZUKUUw7yeJbkjtosvHiP0AZ5c8IAgEMk79D0eC8F23r4Ac/q8cAIFdm2FtyoA==",
      "license": "MIT",
      "dependencies": {
        "argparse": "^2.0.1",
        "entities": "^4.4.0",
        "linkify-it": "^5.0.0",
        "mdurl": "^2.0.0",
        "punycode.js": "^2.3.1",
        "uc.micro": "^2.1.0"
      },
      "bin": {
        "markdown-it": "bin/markdown-it.mjs"
      }
    },
    "node_modules/mdurl": {
      "version": "2.0.0",
      "resolved": "https://registry.npmjs.org/mdurl/-/mdurl-2.0.0.tgz",
      "integrity": "sha512-Lf+9+2r+Tdp5wXDXC4PcIBjTDtq4UKjCPMQhKIuzpJNW0b96kVqSwW0bT7FhRSfmAiFYgP+SCRvdrDozfh0U5w==",
      "license": "MIT"
    },
    "node_modules/minimatch": {
      "version": "10.2.5",
      "resolved": "https://registry.npmjs.org/minimatch/-/minimatch-10.2.5.tgz",
      "integrity": "sha512-MULkVLfKGYDFYejP07QOurDLLQpcjk7Fw+7jXS2R2czRQzR56yHRveU5NDJEOviH+hETZKSkIk5c+T23GjFUMg==",
      "license": "BlueOak-1.0.0",
      "dependencies": {
        "brace-expansion": "^5.0.5"
      },
      "engines": {
        "node": "18 || 20 || >=22"
      },
      "funding": {
        "url": "https://github.com/sponsors/isaacs"
      }
    },
    "node_modules/punycode.js": {
      "version": "2.3.1",
      "resolved": "https://registry.npmjs.org/punycode.js/-/punycode.js-2.3.1.tgz",
      "integrity": "sha512-uxFIHU0YlHYhDQtV4R9J6a52SLx28BCjT+4ieh7IGbgwVJWO+km431c4yRlREUAsAmt/uMjQUyQHNEPf0M39CA==",
      "license": "MIT",
      "engines": {
        "node": ">=6"
      }
    },
    "node_modules/taitto": {
      "version": "1.2.0",
      "resolved": "https://registry.npmjs.org/taitto/-/taitto-1.2.0.tgz",
      "integrity": "sha512-4kkbriyjLvvqobCMyc8Lc1ee+V8FRNTc+/jMMqNVlUVdC45TvZ25ByhW0XMqDOvg6lGE/rC60JGY+3JagZpVSg==",
      "dev": true,
      "license": "MIT",
      "dependencies": {
        "dagre": "^0.8.5"
      }
    },
    "node_modules/typescript": {
      "version": "6.0.2",
      "resolved": "https://registry.npmjs.org/typescript/-/typescript-6.0.2.tgz",
      "integrity": "sha512-bGdAIrZ0wiGDo5l8c++HWtbaNCWTS4UTv7RaTH/ThVIgjkveJt83m74bBHMJkuCbslY8ixgLBVZJIOiQlQTjfQ==",
      "license": "Apache-2.0",
      "bin": {
        "tsc": "bin/tsc",
        "tsserver": "bin/tsserver"
      },
      "engines": {
        "node": ">=14.17"
      }
    },
    "node_modules/uc.micro": {
      "version": "2.1.0",
      "resolved": "https://registry.npmjs.org/uc.micro/-/uc.micro-2.1.0.tgz",
      "integrity": "sha512-ARDJmphmdvUk6Glw7y9DQ2bFkKBHwQHLi2lsaH6PPmz/Ka9sFOBsBluozhDltWmnv9u/cF6Rt87znRTPV+yp/A==",
      "license": "MIT"
    },
    "node_modules/undici-types": {
      "version": "7.18.2",
      "resolved": "https://registry.npmjs.org/undici-types/-/undici-types-7.18.2.tgz",
      "integrity": "sha512-AsuCzffGHJybSaRrmr5eHr81mwJU3kjw6M+uprWvCXiNeN9SOGwQ3Jn8jb8m3Z6izVgknn1R0FTCEAP2QrLY/w==",
      "dev": true,
      "license": "MIT"
    }
  }
}
